{
  "name": "nativescript",
  "version": "0.0.0",
  "lockfileVersion": 1,
  "requires": true,
  "dependencies": {
    "@angular-devkit/schematics": {
      "version": "0.0.37",
      "resolved": "https://registry.npmjs.org/@angular-devkit/schematics/-/schematics-0.0.37.tgz",
      "integrity": "sha512-CF7+W4Flkvd6z4d/dvH0IP5PV8gSBHr4lE7eyScDpuet7s+I4b6SYh5bWDEvyDF+hZwDTFDyrHHj77kyeJu+8g==",
      "requires": {
        "@angular-devkit/core": "0.0.21",
        "@ngtools/json-schema": "1.1.0",
        "minimist": "1.2.0",
        "rxjs": "5.5.2"
      },
      "dependencies": {
        "@angular-devkit/core": {
          "version": "0.0.21",
          "resolved": "https://registry.npmjs.org/@angular-devkit/core/-/core-0.0.21.tgz",
          "integrity": "sha512-6cfjRE6W+ZOxE8Xk3PFRA8kJJK2sJhd5ZGQ/BsVYyz2cxN8Zb3Gmu1wxg7l5TiPbOjqfn797tBEpKGBXJV85xw==",
          "requires": {
            "source-map": "0.5.7"
          }
        }
      }
    },
    "@ngtools/json-schema": {
      "version": "1.1.0",
      "resolved": "https://registry.npmjs.org/@ngtools/json-schema/-/json-schema-1.1.0.tgz",
      "integrity": "sha1-w6DFRNYjkqzCgTpCyKDcb1j4aSI="
    },
    "@schematics/angular": {
      "version": "0.1.7",
      "resolved": "https://registry.npmjs.org/@schematics/angular/-/angular-0.1.7.tgz",
      "integrity": "sha512-3dZbRkM7akVCazr9T7gX+BOKri1Mn/N36o36Nojf8LSRxMo7QSJ9s651RPc5snYqpbKrTXZXUO4xKknAf4x+Ng==",
      "requires": {
        "@angular-devkit/core": "0.0.21"
      },
      "dependencies": {
        "@angular-devkit/core": {
          "version": "0.0.21",
          "resolved": "https://registry.npmjs.org/@angular-devkit/core/-/core-0.0.21.tgz",
          "integrity": "sha512-6cfjRE6W+ZOxE8Xk3PFRA8kJJK2sJhd5ZGQ/BsVYyz2cxN8Zb3Gmu1wxg7l5TiPbOjqfn797tBEpKGBXJV85xw==",
          "requires": {
            "source-map": "0.5.7"
          }
        }
      }
    },
    "minimist": {
      "version": "1.2.0",
      "resolved": "https://registry.npmjs.org/minimist/-/minimist-1.2.0.tgz",
      "integrity": "sha1-o1AIsg9BOD7sH7kU9M1d95omQoQ="
    },
    "rxjs": {
      "version": "5.5.2",
      "resolved": "https://registry.npmjs.org/rxjs/-/rxjs-5.5.2.tgz",
      "integrity": "sha512-oRYoIKWBU3Ic37fLA5VJu31VqQO4bWubRntcHSJ+cwaDQBwdnZ9x4zmhJfm/nFQ2E82/I4loSioHnACamrKGgA==",
      "requires": {
        "symbol-observable": "1.0.4"
      }
    },
    "source-map": {
      "version": "0.5.7",
      "resolved": "https://registry.npmjs.org/source-map/-/source-map-0.5.7.tgz",
      "integrity": "sha1-igOdLRAh0i0eoUyA2OpGi6LvP8w="
    },
    "symbol-observable": {
      "version": "1.0.4",
      "resolved": "https://registry.npmjs.org/symbol-observable/-/symbol-observable-1.0.4.tgz",
      "integrity": "sha1-Kb9hXUqnEhvdiYsi1LP5vE4qoD0="
    }
  }
}
